// !$*UTF8*$!
{
	archiveVersion = 1;
	classes = {
	};
	objectVersion = 55;
	objects = {

/* Begin PBXBuildFile section */
		134B205E28FD6504004A0342 /* RegistrationCheckList.swift in Sources */ = {isa = PBXBuildFile; fileRef = 134B205D28FD6504004A0342 /* RegistrationCheckList.swift */; };
		13968B7428F9C27D0004DC10 /* AppDelegate.swift in Sources */ = {isa = PBXBuildFile; fileRef = 13968B7328F9C27D0004DC10 /* AppDelegate.swift */; };
		13968B7828F9C27D0004DC10 /* ViewController.swift in Sources */ = {isa = PBXBuildFile; fileRef = 13968B7728F9C27D0004DC10 /* ViewController.swift */; };
		13968B7D28F9C27F0004DC10 /* Assets.xcassets in Resources */ = {isa = PBXBuildFile; fileRef = 13968B7C28F9C27F0004DC10 /* Assets.xcassets */; };
		13968B8028F9C27F0004DC10 /* LaunchScreen.storyboard in Resources */ = {isa = PBXBuildFile; fileRef = 13968B7E28F9C27F0004DC10 /* LaunchScreen.storyboard */; };
		13968B8E28FA9F300004DC10 /* RegistrationViewController.swift in Sources */ = {isa = PBXBuildFile; fileRef = 13968B8D28FA9F300004DC10 /* RegistrationViewController.swift */; };
		13CCBD5828FC1B260047B29D /* RegistrationCell.swift in Sources */ = {isa = PBXBuildFile; fileRef = 13CCBD5728FC1B260047B29D /* RegistrationCell.swift */; };
		13CCBD5A28FC1C900047B29D /* RegistrationCatCell.swift in Sources */ = {isa = PBXBuildFile; fileRef = 13CCBD5928FC1C900047B29D /* RegistrationCatCell.swift */; };
		13CCBD5C28FC1DA70047B29D /* RegistrationTextFields.swift in Sources */ = {isa = PBXBuildFile; fileRef = 13CCBD5B28FC1DA70047B29D /* RegistrationTextFields.swift */; };
		ED8F0576BED1F041F0EFFC33 /* Pods_cats.framework in Frameworks */ = {isa = PBXBuildFile; fileRef = DA7052A56935B9924CBDA712 /* Pods_cats.framework */; };
/* End PBXBuildFile section */

/* Begin PBXFileReference section */
		134B205D28FD6504004A0342 /* RegistrationCheckList.swift */ = {isa = PBXFileReference; lastKnownFileType = sourcecode.swift; path = RegistrationCheckList.swift; sourceTree = "<group>"; };
		13968B7028F9C27D0004DC10 /* cats.app */ = {isa = PBXFileReference; explicitFileType = wrapper.application; includeInIndex = 0; path = cats.app; sourceTree = BUILT_PRODUCTS_DIR; };
		13968B7328F9C27D0004DC10 /* AppDelegate.swift */ = {isa = PBXFileReference; lastKnownFileType = sourcecode.swift; path = AppDelegate.swift; sourceTree = "<group>"; };
		13968B7728F9C27D0004DC10 /* ViewController.swift */ = {isa = PBXFileReference; lastKnownFileType = sourcecode.swift; path = ViewController.swift; sourceTree = "<group>"; };
		13968B7C28F9C27F0004DC10 /* Assets.xcassets */ = {isa = PBXFileReference; lastKnownFileType = folder.assetcatalog; path = Assets.xcassets; sourceTree = "<group>"; };
		13968B7F28F9C27F0004DC10 /* Base */ = {isa = PBXFileReference; lastKnownFileType = file.storyboard; name = Base; path = Base.lproj/LaunchScreen.storyboard; sourceTree = "<group>"; };
		13968B8128F9C27F0004DC10 /* Info.plist */ = {isa = PBXFileReference; lastKnownFileType = text.plist.xml; path = Info.plist; sourceTree = "<group>"; };
		13968B8D28FA9F300004DC10 /* RegistrationViewController.swift */ = {isa = PBXFileReference; lastKnownFileType = sourcecode.swift; path = RegistrationViewController.swift; sourceTree = "<group>"; };
		13CCBD5728FC1B260047B29D /* RegistrationCell.swift */ = {isa = PBXFileReference; lastKnownFileType = sourcecode.swift; path = RegistrationCell.swift; sourceTree = "<group>"; };
		13CCBD5928FC1C900047B29D /* RegistrationCatCell.swift */ = {isa = PBXFileReference; lastKnownFileType = sourcecode.swift; path = RegistrationCatCell.swift; sourceTree = "<group>"; };
		13CCBD5B28FC1DA70047B29D /* RegistrationTextFields.swift */ = {isa = PBXFileReference; lastKnownFileType = sourcecode.swift; path = RegistrationTextFields.swift; sourceTree = "<group>"; };
		3C4B43AB8CBF58F74A655C3B /* Pods-cats.release.xcconfig */ = {isa = PBXFileReference; includeInIndex = 1; lastKnownFileType = text.xcconfig; name = "Pods-cats.release.xcconfig"; path = "Target Support Files/Pods-cats/Pods-cats.release.xcconfig"; sourceTree = "<group>"; };
		71DCC45F6F080D8D8897D7B7 /* Pods-cats.debug.xcconfig */ = {isa = PBXFileReference; includeInIndex = 1; lastKnownFileType = text.xcconfig; name = "Pods-cats.debug.xcconfig"; path = "Target Support Files/Pods-cats/Pods-cats.debug.xcconfig"; sourceTree = "<group>"; };
		DA7052A56935B9924CBDA712 /* Pods_cats.framework */ = {isa = PBXFileReference; explicitFileType = wrapper.framework; includeInIndex = 0; path = Pods_cats.framework; sourceTree = BUILT_PRODUCTS_DIR; };
/* End PBXFileReference section */

/* Begin PBXFrameworksBuildPhase section */
		13968B6D28F9C27D0004DC10 /* Frameworks */ = {
			isa = PBXFrameworksBuildPhase;
			buildActionMask = 2147483647;
			files = (
				ED8F0576BED1F041F0EFFC33 /* Pods_cats.framework in Frameworks */,
			);
			runOnlyForDeploymentPostprocessing = 0;
		};
/* End PBXFrameworksBuildPhase section */

/* Begin PBXGroup section */
		13968B6728F9C27D0004DC10 = {
			isa = PBXGroup;
			children = (
				13968B7228F9C27D0004DC10 /* cats */,
				13968B7128F9C27D0004DC10 /* Products */,
				B17071EF05EC412DE8C8959A /* Pods */,
				A462C977E8139610B739BEC9 /* Frameworks */,
			);
			sourceTree = "<group>";
		};
		13968B7128F9C27D0004DC10 /* Products */ = {
			isa = PBXGroup;
			children = (
				13968B7028F9C27D0004DC10 /* cats.app */,
			);
			name = Products;
			sourceTree = "<group>";
		};
		13968B7228F9C27D0004DC10 /* cats */ = {
			isa = PBXGroup;
			children = (
				13968B8728F9D19F0004DC10 /* Registration */,
				13968B7328F9C27D0004DC10 /* AppDelegate.swift */,
				13968B7728F9C27D0004DC10 /* ViewController.swift */,
				13968B7C28F9C27F0004DC10 /* Assets.xcassets */,
				13968B7E28F9C27F0004DC10 /* LaunchScreen.storyboard */,
				13968B8128F9C27F0004DC10 /* Info.plist */,
			);
			path = cats;
			sourceTree = "<group>";
		};
		13968B8728F9D19F0004DC10 /* Registration */ = {
			isa = PBXGroup;
			children = (
				13CCBD5728FC1B260047B29D /* RegistrationCell.swift */,
				13CCBD5928FC1C900047B29D /* RegistrationCatCell.swift */,
				13CCBD5B28FC1DA70047B29D /* RegistrationTextFields.swift */,
				134B205D28FD6504004A0342 /* RegistrationCheckList.swift */,
				13968B8828F9D1D10004DC10 /* Model */,
				13968B8A28F9D1EA0004DC10 /* Controller */,
			);
			path = Registration;
			sourceTree = "<group>";
		};
		13968B8828F9D1D10004DC10 /* Model */ = {
			isa = PBXGroup;
			children = (
			);
			path = Model;
			sourceTree = "<group>";
		};
		13968B8A28F9D1EA0004DC10 /* Controller */ = {
			isa = PBXGroup;
			children = (
				13968B8D28FA9F300004DC10 /* RegistrationViewController.swift */,
			);
			path = Controller;
			sourceTree = "<group>";
		};
		A462C977E8139610B739BEC9 /* Frameworks */ = {
			isa = PBXGroup;
			children = (
				DA7052A56935B9924CBDA712 /* Pods_cats.framework */,
			);
			name = Frameworks;
			sourceTree = "<group>";
		};
		B17071EF05EC412DE8C8959A /* Pods */ = {
			isa = PBXGroup;
			children = (
				71DCC45F6F080D8D8897D7B7 /* Pods-cats.debug.xcconfig */,
				3C4B43AB8CBF58F74A655C3B /* Pods-cats.release.xcconfig */,
			);
			path = Pods;
			sourceTree = "<group>";
		};
/* End PBXGroup section */

/* Begin PBXNativeTarget section */
		13968B6F28F9C27D0004DC10 /* cats */ = {
			isa = PBXNativeTarget;
			buildConfigurationList = 13968B8428F9C27F0004DC10 /* Build configuration list for PBXNativeTarget "cats" */;
			buildPhases = (
				D96A779145BC3D08072868DE /* [CP] Check Pods Manifest.lock */,
				13968B6C28F9C27D0004DC10 /* Sources */,
				13968B6D28F9C27D0004DC10 /* Frameworks */,
				13968B6E28F9C27D0004DC10 /* Resources */,
				2C236DC920658598FCE6B25C /* [CP] Embed Pods Frameworks */,
			);
			buildRules = (
			);
			dependencies = (
			);
			name = cats;
			productName = cats;
			productReference = 13968B7028F9C27D0004DC10 /* cats.app */;
			productType = "com.apple.product-type.application";
		};
/* End PBXNativeTarget section */

/* Begin PBXProject section */
		13968B6828F9C27D0004DC10 /* Project object */ = {
			isa = PBXProject;
			attributes = {
				BuildIndependentTargetsInParallel = 1;
				LastSwiftUpdateCheck = 1340;
				LastUpgradeCheck = 1340;
				TargetAttributes = {
					13968B6F28F9C27D0004DC10 = {
						CreatedOnToolsVersion = 13.4.1;
					};
				};
			};
			buildConfigurationList = 13968B6B28F9C27D0004DC10 /* Build configuration list for PBXProject "cats" */;
			compatibilityVersion = "Xcode 13.0";
			developmentRegion = en;
			hasScannedForEncodings = 0;
			knownRegions = (
				en,
				Base,
			);
			mainGroup = 13968B6728F9C27D0004DC10;
			productRefGroup = 13968B7128F9C27D0004DC10 /* Products */;
			projectDirPath = "";
			projectRoot = "";
			targets = (
				13968B6F28F9C27D0004DC10 /* cats */,
			);
		};
/* End PBXProject section */

/* Begin PBXResourcesBuildPhase section */
		13968B6E28F9C27D0004DC10 /* Resources */ = {
			isa = PBXResourcesBuildPhase;
			buildActionMask = 2147483647;
			files = (
				13968B8028F9C27F0004DC10 /* LaunchScreen.storyboard in Resources */,
				13968B7D28F9C27F0004DC10 /* Assets.xcassets in Resources */,
			);
			runOnlyForDeploymentPostprocessing = 0;
		};
/* End PBXResourcesBuildPhase section */

/* Begin PBXShellScriptBuildPhase section */
		2C236DC920658598FCE6B25C /* [CP] Embed Pods Frameworks */ = {
			isa = PBXShellScriptBuildPhase;
			buildActionMask = 2147483647;
			files = (
			);
			inputFileListPaths = (
				"${PODS_ROOT}/Target Support Files/Pods-cats/Pods-cats-frameworks-${CONFIGURATION}-input-files.xcfilelist",
			);
			name = "[CP] Embed Pods Frameworks";
			outputFileListPaths = (
				"${PODS_ROOT}/Target Support Files/Pods-cats/Pods-cats-frameworks-${CONFIGURATION}-output-files.xcfilelist",
			);
			runOnlyForDeploymentPostprocessing = 0;
			shellPath = /bin/sh;
			shellScript = "\"${PODS_ROOT}/Target Support Files/Pods-cats/Pods-cats-frameworks.sh\"\n";
			showEnvVarsInLog = 0;
		};
		D96A779145BC3D08072868DE /* [CP] Check Pods Manifest.lock */ = {
			isa = PBXShellScriptBuildPhase;
			buildActionMask = 2147483647;
			files = (
			);
			inputFileListPaths = (
			);
			inputPaths = (
				"${PODS_PODFILE_DIR_PATH}/Podfile.lock",
				"${PODS_ROOT}/Manifest.lock",
			);
			name = "[CP] Check Pods Manifest.lock";
			outputFileListPaths = (
			);
			outputPaths = (
				"$(DERIVED_FILE_DIR)/Pods-cats-checkManifestLockResult.txt",
			);
			runOnlyForDeploymentPostprocessing = 0;
			shellPath = /bin/sh;
			shellScript = "diff \"${PODS_PODFILE_DIR_PATH}/Podfile.lock\" \"${PODS_ROOT}/Manifest.lock\" > /dev/null\nif [ $? != 0 ] ; then\n    # print error to STDERR\n    echo \"error: The sandbox is not in sync with the Podfile.lock. Run 'pod install' or update your CocoaPods installation.\" >&2\n    exit 1\nfi\n# This output is used by Xcode 'outputs' to avoid re-running this script phase.\necho \"SUCCESS\" > \"${SCRIPT_OUTPUT_FILE_0}\"\n";
			showEnvVarsInLog = 0;
		};
/* End PBXShellScriptBuildPhase section */

/* Begin PBXSourcesBuildPhase section */
		13968B6C28F9C27D0004DC10 /* Sources */ = {
			isa = PBXSourcesBuildPhase;
			buildActionMask = 2147483647;
			files = (
				13968B7828F9C27D0004DC10 /* ViewController.swift in Sources */,
				134B205E28FD6504004A0342 /* RegistrationCheckList.swift in Sources */,
				13968B8E28FA9F300004DC10 /* RegistrationViewController.swift in Sources */,
				13968B7428F9C27D0004DC10 /* AppDelegate.swift in Sources */,
				13CCBD5C28FC1DA70047B29D /* RegistrationTextFields.swift in Sources */,
				13CCBD5828FC1B260047B29D /* RegistrationCell.swift in Sources */,
				13CCBD5A28FC1C900047B29D /* RegistrationCatCell.swift in Sources */,
			);
			runOnlyForDeploymentPostprocessing = 0;
		};
/* End PBXSourcesBuildPhase section */

/* Begin PBXVariantGroup section */
		13968B7E28F9C27F0004DC10 /* LaunchScreen.storyboard */ = {
			isa = PBXVariantGroup;
			children = (
				13968B7F28F9C27F0004DC10 /* Base */,
			);
			name = LaunchScreen.storyboard;
			sourceTree = "<group>";
		};
/* End PBXVariantGroup section */

/* Begin XCBuildConfiguration section */
		13968B8228F9C27F0004DC10 /* Debug */ = {
			isa = XCBuildConfiguration;
			buildSettings = {
				ALWAYS_SEARCH_USER_PATHS = NO;
				CLANG_ANALYZER_NONNULL = YES;
				CLANG_ANALYZER_NUMBER_OBJECT_CONVERSION = YES_AGGRESSIVE;
				CLANG_CXX_LANGUAGE_STANDARD = "gnu++17";
				CLANG_ENABLE_MODULES = YES;
				CLANG_ENABLE_OBJC_ARC = YES;
				CLANG_ENABLE_OBJC_WEAK = YES;
				CLANG_WARN_BLOCK_CAPTURE_AUTORELEASING = YES;
				CLANG_WARN_BOOL_CONVERSION = YES;
				CLANG_WARN_COMMA = YES;
				CLANG_WARN_CONSTANT_CONVERSION = YES;
				CLANG_WARN_DEPRECATED_OBJC_IMPLEMENTATIONS = YES;
				CLANG_WARN_DIRECT_OBJC_ISA_USAGE = YES_ERROR;
				CLANG_WARN_DOCUMENTATION_COMMENTS = YES;
				CLANG_WARN_EMPTY_BODY = YES;
				CLANG_WARN_ENUM_CONVERSION = YES;
				CLANG_WARN_INFINITE_RECURSION = YES;
				CLANG_WARN_INT_CONVERSION = YES;
				CLANG_WARN_NON_LITERAL_NULL_CONVERSION = YES;
				CLANG_WARN_OBJC_IMPLICIT_RETAIN_SELF = YES;
				CLANG_WARN_OBJC_LITERAL_CONVERSION = YES;
				CLANG_WARN_OBJC_ROOT_CLASS = YES_ERROR;
				CLANG_WARN_QUOTED_INCLUDE_IN_FRAMEWORK_HEADER = YES;
				CLANG_WARN_RANGE_LOOP_ANALYSIS = YES;
				CLANG_WARN_STRICT_PROTOTYPES = YES;
				CLANG_WARN_SUSPICIOUS_MOVE = YES;
				CLANG_WARN_UNGUARDED_AVAILABILITY = YES_AGGRESSIVE;
				CLANG_WARN_UNREACHABLE_CODE = YES;
				CLANG_WARN__DUPLICATE_METHOD_MATCH = YES;
				COPY_PHASE_STRIP = NO;
				DEBUG_INFORMATION_FORMAT = dwarf;
				ENABLE_STRICT_OBJC_MSGSEND = YES;
				ENABLE_TESTABILITY = YES;
				GCC_C_LANGUAGE_STANDARD = gnu11;
				GCC_DYNAMIC_NO_PIC = NO;
				GCC_NO_COMMON_BLOCKS = YES;
				GCC_OPTIMIZATION_LEVEL = 0;
				GCC_PREPROCESSOR_DEFINITIONS = (
					"DEBUG=1",
					"$(inherited)",
				);
				GCC_WARN_64_TO_32_BIT_CONVERSION = YES;
				GCC_WARN_ABOUT_RETURN_TYPE = YES_ERROR;
				GCC_WARN_UNDECLARED_SELECTOR = YES;
				GCC_WARN_UNINITIALIZED_AUTOS = YES_AGGRESSIVE;
				GCC_WARN_UNUSED_FUNCTION = YES;
				GCC_WARN_UNUSED_VARIABLE = YES;
				IPHONEOS_DEPLOYMENT_TARGET = 15.5;
				MTL_ENABLE_DEBUG_INFO = INCLUDE_SOURCE;
				MTL_FAST_MATH = YES;
				ONLY_ACTIVE_ARCH = YES;
				SDKROOT = iphoneos;
				SWIFT_ACTIVE_COMPILATION_CONDITIONS = DEBUG;
				SWIFT_OPTIMIZATION_LEVEL = "-Onone";
			};
			name = Debug;
		};
		13968B8328F9C27F0004DC10 /* Release */ = {
			isa = XCBuildConfiguration;
			buildSettings = {
				ALWAYS_SEARCH_USER_PATHS = NO;
				CLANG_ANALYZER_NONNULL = YES;
				CLANG_ANALYZER_NUMBER_OBJECT_CONVERSION = YES_AGGRESSIVE;
				CLANG_CXX_LANGUAGE_STANDARD = "gnu++17";
				CLANG_ENABLE_MODULES = YES;
				CLANG_ENABLE_OBJC_ARC = YES;
				CLANG_ENABLE_OBJC_WEAK = YES;
				CLANG_WARN_BLOCK_CAPTURE_AUTORELEASING = YES;
				CLANG_WARN_BOOL_CONVERSION = YES;
				CLANG_WARN_COMMA = YES;
				CLANG_WARN_CONSTANT_CONVERSION = YES;
				CLANG_WARN_DEPRECATED_OBJC_IMPLEMENTATIONS = YES;
				CLANG_WARN_DIRECT_OBJC_ISA_USAGE = YES_ERROR;
				CLANG_WARN_DOCUMENTATION_COMMENTS = YES;
				CLANG_WARN_EMPTY_BODY = YES;
				CLANG_WARN_ENUM_CONVERSION = YES;
				CLANG_WARN_INFINITE_RECURSION = YES;
				CLANG_WARN_INT_CONVERSION = YES;
				CLANG_WARN_NON_LITERAL_NULL_CONVERSION = YES;
				CLANG_WARN_OBJC_IMPLICIT_RETAIN_SELF = YES;
				CLANG_WARN_OBJC_LITERAL_CONVERSION = YES;
				CLANG_WARN_OBJC_ROOT_CLASS = YES_ERROR;
				CLANG_WARN_QUOTED_INCLUDE_IN_FRAMEWORK_HEADER = YES;
				CLANG_WARN_RANGE_LOOP_ANALYSIS = YES;
				CLANG_WARN_STRICT_PROTOTYPES = YES;
				CLANG_WARN_SUSPICIOUS_MOVE = YES;
				CLANG_WARN_UNGUARDED_AVAILABILITY = YES_AGGRESSIVE;
				CLANG_WARN_UNREACHABLE_CODE = YES;
				CLANG_WARN__DUPLICATE_METHOD_MATCH = YES;
				COPY_PHASE_STRIP = NO;
				DEBUG_INFORMATION_FORMAT = "dwarf-with-dsym";
				ENABLE_NS_ASSERTIONS = NO;
				ENABLE_STRICT_OBJC_MSGSEND = YES;
				GCC_C_LANGUAGE_STANDARD = gnu11;
				GCC_NO_COMMON_BLOCKS = YES;
				GCC_WARN_64_TO_32_BIT_CONVERSION = YES;
				GCC_WARN_ABOUT_RETURN_TYPE = YES_ERROR;
				GCC_WARN_UNDECLARED_SELECTOR = YES;
				GCC_WARN_UNINITIALIZED_AUTOS = YES_AGGRESSIVE;
				GCC_WARN_UNUSED_FUNCTION = YES;
				GCC_WARN_UNUSED_VARIABLE = YES;
				IPHONEOS_DEPLOYMENT_TARGET = 15.5;
				MTL_ENABLE_DEBUG_INFO = NO;
				MTL_FAST_MATH = YES;
				SDKROOT = iphoneos;
				SWIFT_COMPILATION_MODE = wholemodule;
				SWIFT_OPTIMIZATION_LEVEL = "-O";
				VALIDATE_PRODUCT = YES;
			};
			name = Release;
		};
		13968B8528F9C27F0004DC10 /* Debug */ = {
			isa = XCBuildConfiguration;
			baseConfigurationReference = 71DCC45F6F080D8D8897D7B7 /* Pods-cats.debug.xcconfig */;
			buildSettings = {
				ASSETCATALOG_COMPILER_APPICON_NAME = AppIcon;
				ASSETCATALOG_COMPILER_GLOBAL_ACCENT_COLOR_NAME = AccentColor;
				CODE_SIGN_STYLE = Automatic;
				CURRENT_PROJECT_VERSION = 1;
				GENERATE_INFOPLIST_FILE = YES;
				INFOPLIST_FILE = cats/Info.plist;
				INFOPLIST_KEY_UIApplicationSupportsIndirectInputEvents = YES;
				INFOPLIST_KEY_UILaunchStoryboardName = LaunchScreen;
				INFOPLIST_KEY_UISupportedInterfaceOrientations_iPad = "UIInterfaceOrientationPortrait UIInterfaceOrientationPortraitUpsideDown UIInterfaceOrientationLandscapeLeft UIInterfaceOrientationLandscapeRight";
				INFOPLIST_KEY_UISupportedInterfaceOrientations_iPhone = "UIInterfaceOrientationPortrait UIInterfaceOrientationLandscapeLeft UIInterfaceOrientationLandscapeRight";
				LD_RUNPATH_SEARCH_PATHS = (
					"$(inherited)",
					"@executable_path/Frameworks",
				);
				MARKETING_VERSION = 1.0;
				PRODUCT_BUNDLE_IDENTIFIER = aestheticmay.cats;
				PRODUCT_NAME = "$(TARGET_NAME)";
				SWIFT_EMIT_LOC_STRINGS = YES;
				SWIFT_VERSION = 5.0;
				TARGETED_DEVICE_FAMILY = "1,2";
			};
			name = Debug;
		};
		13968B8628F9C27F0004DC10 /* Release */ = {
			isa = XCBuildConfiguration;
			baseConfigurationReference = 3C4B43AB8CBF58F74A655C3B /* Pods-cats.release.xcconfig */;
			buildSettings = {
				ASSETCATALOG_COMPILER_APPICON_NAME = AppIcon;
				ASSETCATALOG_COMPILER_GLOBAL_ACCENT_COLOR_NAME = AccentColor;
				CODE_SIGN_STYLE = Automatic;
				CURRENT_PROJECT_VERSION = 1;
				GENERATE_INFOPLIST_FILE = YES;
				INFOPLIST_FILE = cats/Info.plist;
				INFOPLIST_KEY_UIApplicationSupportsIndirectInputEvents = YES;
				INFOPLIST_KEY_UILaunchStoryboardName = LaunchScreen;
				INFOPLIST_KEY_UISupportedInterfaceOrientations_iPad = "UIInterfaceOrientationPortrait UIInterfaceOrientationPortraitUpsideDown UIInterfaceOrientationLandscapeLeft UIInterfaceOrientationLandscapeRight";
				INFOPLIST_KEY_UISupportedInterfaceOrientations_iPhone = "UIInterfaceOrientationPortrait UIInterfaceOrientationLandscapeLeft UIInterfaceOrientationLandscapeRight";
				LD_RUNPATH_SEARCH_PATHS = (
					"$(inherited)",
					"@executable_path/Frameworks",
				);
				MARKETING_VERSION = 1.0;
				PRODUCT_BUNDLE_IDENTIFIER = aestheticmay.cats;
				PRODUCT_NAME = "$(TARGET_NAME)";
				SWIFT_EMIT_LOC_STRINGS = YES;
				SWIFT_VERSION = 5.0;
				TARGETED_DEVICE_FAMILY = "1,2";
			};
			name = Release;
		};
/* End XCBuildConfiguration section */

/* Begin XCConfigurationList section */
		13968B6B28F9C27D0004DC10 /* Build configuration list for PBXProject "cats" */ = {
			isa = XCConfigurationList;
			buildConfigurations = (
				13968B8228F9C27F0004DC10 /* Debug */,
				13968B8328F9C27F0004DC10 /* Release */,
			);
			defaultConfigurationIsVisible = 0;
			defaultConfigurationName = Release;
		};
		13968B8428F9C27F0004DC10 /* Build configuration list for PBXNativeTarget "cats" */ = {
			isa = XCConfigurationList;
			buildConfigurations = (
				13968B8528F9C27F0004DC10 /* Debug */,
				13968B8628F9C27F0004DC10 /* Release */,
			);
			defaultConfigurationIsVisible = 0;
			defaultConfigurationName = Release;
		};
/* End XCConfigurationList section */
	};
	rootObject = 13968B6828F9C27D0004DC10 /* Project object */;
}
